
Microsoft Visual Studio Solution File, Format Version 12.00
# Visual Studio Version 16
VisualStudioVersion = 16.0.30907.101
MinimumVisualStudioVersion = 10.0.40219.1
Project("{FAE04EC0-301F-11D3-BF4B-00C04F79EFBC}") = "AlZaha", "AlZaha\AlZaha.csproj", "{D996ADD2-9655-49EF-A305-7A4EE38CBA93}"
EndProject
Global
	GlobalSection(SolutionConfigurationPlatforms) = preSolution
		Debug|Any CPU = Debug|Any CPU
		Release|Any CPU = Release|Any CPU
	EndGlobalSection
	GlobalSection(ProjectConfigurationPlatforms) = postSolution
		{D996ADD2-9655-49EF-A305-7A4EE38CBA93}.Debug|Any CPU.ActiveCfg = Debug|Any CPU
		{D996ADD2-9655-49EF-A305-7A4EE38CBA93}.Debug|Any CPU.Build.0 = Debug|Any CPU
		{D996ADD2-9655-49EF-A305-7A4EE38CBA93}.Release|Any CPU.ActiveCfg = Release|Any CPU
		{D996ADD2-9655-49EF-A305-7A4EE38CBA93}.Release|Any CPU.Build.0 = Release|Any CPU
	EndGlobalSection
	GlobalSection(SolutionProperties) = preSolution
		HideSolutionNode = FALSE
	EndGlobalSection
	GlobalSection(ExtensibilityGlobals) = postSolution
		SolutionGuid = {C83095AB-3FC0-4CB0-92BB-F45FE01CAD40}
	EndGlobalSection
EndGlobal
